
Microsoft Visual Studio Solution File, Format Version 12.00
# Visual Studio Version 16
VisualStudioVersion = 16.0.30523.141
MinimumVisualStudioVersion = 10.0.40219.1
Project("{2150E333-8FDC-42A3-9474-1A3956D46DE8}") = "Infra", "Infra", "{6CE289A4-7EF3-48B6-9EB3-49CD5DD53EC3}"
EndProject
Project("{2150E333-8FDC-42A3-9474-1A3956D46DE8}") = "Data", "Data", "{79BC45E1-831B-436A-86D8-0A303263358B}"
EndProject
Project("{9A19103F-16F7-4668-BE54-9A1E7A4F7556}") = "ERP.Infra.Data", "ERP.Infra.Data\ERP.Infra.Data.csproj", "{1951CB71-541C-4020-BBF6-B313502501A7}"
EndProject
Project("{2150E333-8FDC-42A3-9474-1A3956D46DE8}") = "Domain", "Domain", "{3776A8D8-18AB-4B76-8D29-0E526A0AD740}"
EndProject
Project("{9A19103F-16F7-4668-BE54-9A1E7A4F7556}") = "ERP.Domain", "ERP.Domain\ERP.Domain.csproj", "{79201521-3115-407A-943F-ED2E4F999433}"
EndProject
Project("{2150E333-8FDC-42A3-9474-1A3956D46DE8}") = "Servicos", "Servicos", "{B62DA722-E6E0-4B85-94FC-3550AAB16460}"
EndProject
Project("{9A19103F-16F7-4668-BE54-9A1E7A4F7556}") = "ERP.Api", "ERP.Api\ERP.Api.csproj", "{F2B7676E-23E7-4A3A-9877-A3D5BF19A076}"
EndProject
Project("{2150E333-8FDC-42A3-9474-1A3956D46DE8}") = "Application", "Application", "{C5500935-2208-40FB-9225-E86B198F0D16}"
EndProject
Project("{FAE04EC0-301F-11D3-BF4B-00C04F79EFBC}") = "ERP.Application", "ERP.Application\ERP.Application.csproj", "{A48A8449-3C11-42E4-B27D-63254D9DFB17}"
EndProject
Project("{2150E333-8FDC-42A3-9474-1A3956D46DE8}") = "CrossCutting", "CrossCutting", "{872E6323-2E63-4869-971F-A71859EA19E3}"
EndProject
Project("{FAE04EC0-301F-11D3-BF4B-00C04F79EFBC}") = "ERP.Infra.CrossCutting.IOC", "ERP.Infra.CrossCutting.IOC\ERP.Infra.CrossCutting.IOC.csproj", "{146DE694-5FB0-496F-9084-8DE1117CE9BE}"
EndProject
Global
	GlobalSection(SolutionConfigurationPlatforms) = preSolution
		Debug|Any CPU = Debug|Any CPU
		Release|Any CPU = Release|Any CPU
	EndGlobalSection
	GlobalSection(ProjectConfigurationPlatforms) = postSolution
		{1951CB71-541C-4020-BBF6-B313502501A7}.Debug|Any CPU.ActiveCfg = Debug|Any CPU
		{1951CB71-541C-4020-BBF6-B313502501A7}.Debug|Any CPU.Build.0 = Debug|Any CPU
		{1951CB71-541C-4020-BBF6-B313502501A7}.Release|Any CPU.ActiveCfg = Release|Any CPU
		{1951CB71-541C-4020-BBF6-B313502501A7}.Release|Any CPU.Build.0 = Release|Any CPU
		{79201521-3115-407A-943F-ED2E4F999433}.Debug|Any CPU.ActiveCfg = Debug|Any CPU
		{79201521-3115-407A-943F-ED2E4F999433}.Debug|Any CPU.Build.0 = Debug|Any CPU
		{79201521-3115-407A-943F-ED2E4F999433}.Release|Any CPU.ActiveCfg = Release|Any CPU
		{79201521-3115-407A-943F-ED2E4F999433}.Release|Any CPU.Build.0 = Release|Any CPU
		{F2B7676E-23E7-4A3A-9877-A3D5BF19A076}.Debug|Any CPU.ActiveCfg = Debug|Any CPU
		{F2B7676E-23E7-4A3A-9877-A3D5BF19A076}.Debug|Any CPU.Build.0 = Debug|Any CPU
		{F2B7676E-23E7-4A3A-9877-A3D5BF19A076}.Release|Any CPU.ActiveCfg = Release|Any CPU
		{F2B7676E-23E7-4A3A-9877-A3D5BF19A076}.Release|Any CPU.Build.0 = Release|Any CPU
		{A48A8449-3C11-42E4-B27D-63254D9DFB17}.Debug|Any CPU.ActiveCfg = Debug|Any CPU
		{A48A8449-3C11-42E4-B27D-63254D9DFB17}.Debug|Any CPU.Build.0 = Debug|Any CPU
		{A48A8449-3C11-42E4-B27D-63254D9DFB17}.Release|Any CPU.ActiveCfg = Release|Any CPU
		{A48A8449-3C11-42E4-B27D-63254D9DFB17}.Release|Any CPU.Build.0 = Release|Any CPU
		{146DE694-5FB0-496F-9084-8DE1117CE9BE}.Debug|Any CPU.ActiveCfg = Debug|Any CPU
		{146DE694-5FB0-496F-9084-8DE1117CE9BE}.Debug|Any CPU.Build.0 = Debug|Any CPU
		{146DE694-5FB0-496F-9084-8DE1117CE9BE}.Release|Any CPU.ActiveCfg = Release|Any CPU
		{146DE694-5FB0-496F-9084-8DE1117CE9BE}.Release|Any CPU.Build.0 = Release|Any CPU
	EndGlobalSection
	GlobalSection(SolutionProperties) = preSolution
		HideSolutionNode = FALSE
	EndGlobalSection
	GlobalSection(NestedProjects) = preSolution
		{79BC45E1-831B-436A-86D8-0A303263358B} = {6CE289A4-7EF3-48B6-9EB3-49CD5DD53EC3}
		{1951CB71-541C-4020-BBF6-B313502501A7} = {79BC45E1-831B-436A-86D8-0A303263358B}
		{79201521-3115-407A-943F-ED2E4F999433} = {3776A8D8-18AB-4B76-8D29-0E526A0AD740}
		{F2B7676E-23E7-4A3A-9877-A3D5BF19A076} = {B62DA722-E6E0-4B85-94FC-3550AAB16460}
		{A48A8449-3C11-42E4-B27D-63254D9DFB17} = {C5500935-2208-40FB-9225-E86B198F0D16}
		{872E6323-2E63-4869-971F-A71859EA19E3} = {6CE289A4-7EF3-48B6-9EB3-49CD5DD53EC3}
		{146DE694-5FB0-496F-9084-8DE1117CE9BE} = {872E6323-2E63-4869-971F-A71859EA19E3}
	EndGlobalSection
	GlobalSection(ExtensibilityGlobals) = postSolution
		SolutionGuid = {B0108DA3-3E89-4A9D-87E0-57032D6A9DDB}
	EndGlobalSection
EndGlobal
